
Microsoft Visual Studio Solution File, Format Version 12.00
# Visual Studio 15
VisualStudioVersion = 15.0.27428.2002
MinimumVisualStudioVersion = 10.0.40219.1
Project("{FAE04EC0-301F-11D3-BF4B-00C04F79EFBC}") = "DiscordBot", "DiscordBot\DiscordBot.csproj", "{34AA9233-B7B0-4E1C-91B8-0F037A116A27}"
EndProject
Global
	GlobalSection(SolutionConfigurationPlatforms) = preSolution
		Debug|Any CPU = Debug|Any CPU
		Release|Any CPU = Release|Any CPU
	EndGlobalSection
	GlobalSection(ProjectConfigurationPlatforms) = postSolution
		{34AA9233-B7B0-4E1C-91B8-0F037A116A27}.Debug|Any CPU.ActiveCfg = Debug|Any CPU
		{34AA9233-B7B0-4E1C-91B8-0F037A116A27}.Debug|Any CPU.Build.0 = Debug|Any CPU
		{34AA9233-B7B0-4E1C-91B8-0F037A116A27}.Release|Any CPU.ActiveCfg = Release|Any CPU
		{34AA9233-B7B0-4E1C-91B8-0F037A116A27}.Release|Any CPU.Build.0 = Release|Any CPU
	EndGlobalSection
	GlobalSection(SolutionProperties) = preSolution
		HideSolutionNode = FALSE
	EndGlobalSection
	GlobalSection(ExtensibilityGlobals) = postSolution
		SolutionGuid = {ADE26933-A2F4-4955-8954-38D1A86E7201}
	EndGlobalSection
EndGlobal
