
Microsoft Visual Studio Solution File, Format Version 12.00
# Visual Studio 15
VisualStudioVersion = 15.0.27703.2035
MinimumVisualStudioVersion = 10.0.40219.1
Project("{2150E333-8FDC-42A3-9474-1A3956D46DE8}") = "Modules", "Modules", "{FDB3DAC9-EA39-42CB-A907-00D43559CF82}"
EndProject
Project("{FAE04EC0-301F-11D3-BF4B-00C04F79EFBC}") = "BotModule", "Modules\BotModule\BotModule.csproj", "{F05A9A53-0213-4334-82E4-36D922C23127}"
EndProject
Project("{FAE04EC0-301F-11D3-BF4B-00C04F79EFBC}") = "StreamModule", "Modules\StreamModule\StreamModule.csproj", "{3D3B56F9-E185-4F36-810D-42924383BC00}"
EndProject
Project("{FAE04EC0-301F-11D3-BF4B-00C04F79EFBC}") = "Util", "Util\Util.csproj", "{F2E53BB4-2144-4FCD-9B17-FB6408F6E061}"
EndProject
Project("{FAE04EC0-301F-11D3-BF4B-00C04F79EFBC}") = "PlaylistModule", "Modules\PlaylistModule\PlaylistModule.csproj", "{B1EE8812-C82C-4DE7-A589-5E1D88E49C20}"
EndProject
Project("{FAE04EC0-301F-11D3-BF4B-00C04F79EFBC}") = "GithubVersionChecker", "GithubVersionChecker\GithubVersionChecker.csproj", "{BF622E71-ACB5-401D-8AE2-4ABACE38AE00}"
EndProject
Project("{FAE04EC0-301F-11D3-BF4B-00C04F79EFBC}") = "DiscordBot", "DiscordBot\DiscordBot.csproj", "{DDC0D602-01D6-45FF-85C0-8D2E21C7C6E0}"
EndProject
Global
	GlobalSection(SolutionConfigurationPlatforms) = preSolution
		Debug|Any CPU = Debug|Any CPU
		Debug|x64 = Debug|x64
		Release|Any CPU = Release|Any CPU
		Release|x64 = Release|x64
	EndGlobalSection
	GlobalSection(ProjectConfigurationPlatforms) = postSolution
		{F05A9A53-0213-4334-82E4-36D922C23127}.Debug|Any CPU.ActiveCfg = Debug|Any CPU
		{F05A9A53-0213-4334-82E4-36D922C23127}.Debug|Any CPU.Build.0 = Debug|Any CPU
		{F05A9A53-0213-4334-82E4-36D922C23127}.Debug|x64.ActiveCfg = Debug|x64
		{F05A9A53-0213-4334-82E4-36D922C23127}.Debug|x64.Build.0 = Debug|x64
		{F05A9A53-0213-4334-82E4-36D922C23127}.Release|Any CPU.ActiveCfg = Release|Any CPU
		{F05A9A53-0213-4334-82E4-36D922C23127}.Release|Any CPU.Build.0 = Release|Any CPU
		{F05A9A53-0213-4334-82E4-36D922C23127}.Release|x64.ActiveCfg = Release|x64
		{F05A9A53-0213-4334-82E4-36D922C23127}.Release|x64.Build.0 = Release|x64
		{3D3B56F9-E185-4F36-810D-42924383BC00}.Debug|Any CPU.ActiveCfg = Debug|Any CPU
		{3D3B56F9-E185-4F36-810D-42924383BC00}.Debug|Any CPU.Build.0 = Debug|Any CPU
		{3D3B56F9-E185-4F36-810D-42924383BC00}.Debug|x64.ActiveCfg = Debug|x64
		{3D3B56F9-E185-4F36-810D-42924383BC00}.Debug|x64.Build.0 = Debug|x64
		{3D3B56F9-E185-4F36-810D-42924383BC00}.Release|Any CPU.ActiveCfg = Release|Any CPU
		{3D3B56F9-E185-4F36-810D-42924383BC00}.Release|Any CPU.Build.0 = Release|Any CPU
		{3D3B56F9-E185-4F36-810D-42924383BC00}.Release|x64.ActiveCfg = Release|x64
		{3D3B56F9-E185-4F36-810D-42924383BC00}.Release|x64.Build.0 = Release|x64
		{F2E53BB4-2144-4FCD-9B17-FB6408F6E061}.Debug|Any CPU.ActiveCfg = Debug|Any CPU
		{F2E53BB4-2144-4FCD-9B17-FB6408F6E061}.Debug|Any CPU.Build.0 = Debug|Any CPU
		{F2E53BB4-2144-4FCD-9B17-FB6408F6E061}.Debug|x64.ActiveCfg = Debug|x64
		{F2E53BB4-2144-4FCD-9B17-FB6408F6E061}.Debug|x64.Build.0 = Debug|x64
		{F2E53BB4-2144-4FCD-9B17-FB6408F6E061}.Release|Any CPU.ActiveCfg = Release|Any CPU
		{F2E53BB4-2144-4FCD-9B17-FB6408F6E061}.Release|Any CPU.Build.0 = Release|Any CPU
		{F2E53BB4-2144-4FCD-9B17-FB6408F6E061}.Release|x64.ActiveCfg = Release|x64
		{F2E53BB4-2144-4FCD-9B17-FB6408F6E061}.Release|x64.Build.0 = Release|x64
		{B1EE8812-C82C-4DE7-A589-5E1D88E49C20}.Debug|Any CPU.ActiveCfg = Debug|Any CPU
		{B1EE8812-C82C-4DE7-A589-5E1D88E49C20}.Debug|Any CPU.Build.0 = Debug|Any CPU
		{B1EE8812-C82C-4DE7-A589-5E1D88E49C20}.Debug|x64.ActiveCfg = Debug|x64
		{B1EE8812-C82C-4DE7-A589-5E1D88E49C20}.Debug|x64.Build.0 = Debug|x64
		{B1EE8812-C82C-4DE7-A589-5E1D88E49C20}.Release|Any CPU.ActiveCfg = Release|Any CPU
		{B1EE8812-C82C-4DE7-A589-5E1D88E49C20}.Release|Any CPU.Build.0 = Release|Any CPU
		{B1EE8812-C82C-4DE7-A589-5E1D88E49C20}.Release|x64.ActiveCfg = Release|x64
		{B1EE8812-C82C-4DE7-A589-5E1D88E49C20}.Release|x64.Build.0 = Release|x64
		{BF622E71-ACB5-401D-8AE2-4ABACE38AE00}.Debug|Any CPU.ActiveCfg = Debug|Any CPU
		{BF622E71-ACB5-401D-8AE2-4ABACE38AE00}.Debug|Any CPU.Build.0 = Debug|Any CPU
		{BF622E71-ACB5-401D-8AE2-4ABACE38AE00}.Debug|x64.ActiveCfg = Debug|x64
		{BF622E71-ACB5-401D-8AE2-4ABACE38AE00}.Debug|x64.Build.0 = Debug|x64
		{BF622E71-ACB5-401D-8AE2-4ABACE38AE00}.Release|Any CPU.ActiveCfg = Release|Any CPU
		{BF622E71-ACB5-401D-8AE2-4ABACE38AE00}.Release|Any CPU.Build.0 = Release|Any CPU
		{BF622E71-ACB5-401D-8AE2-4ABACE38AE00}.Release|x64.ActiveCfg = Release|x64
		{BF622E71-ACB5-401D-8AE2-4ABACE38AE00}.Release|x64.Build.0 = Release|x64
		{DDC0D602-01D6-45FF-85C0-8D2E21C7C6E0}.Debug|Any CPU.ActiveCfg = Debug|Any CPU
		{DDC0D602-01D6-45FF-85C0-8D2E21C7C6E0}.Debug|Any CPU.Build.0 = Debug|Any CPU
		{DDC0D602-01D6-45FF-85C0-8D2E21C7C6E0}.Debug|x64.ActiveCfg = Debug|x64
		{DDC0D602-01D6-45FF-85C0-8D2E21C7C6E0}.Debug|x64.Build.0 = Debug|x64
		{DDC0D602-01D6-45FF-85C0-8D2E21C7C6E0}.Release|Any CPU.ActiveCfg = Release|Any CPU
		{DDC0D602-01D6-45FF-85C0-8D2E21C7C6E0}.Release|Any CPU.Build.0 = Release|Any CPU
		{DDC0D602-01D6-45FF-85C0-8D2E21C7C6E0}.Release|x64.ActiveCfg = Release|x64
		{DDC0D602-01D6-45FF-85C0-8D2E21C7C6E0}.Release|x64.Build.0 = Release|x64
	EndGlobalSection
	GlobalSection(SolutionProperties) = preSolution
		HideSolutionNode = FALSE
	EndGlobalSection
	GlobalSection(NestedProjects) = preSolution
		{F05A9A53-0213-4334-82E4-36D922C23127} = {FDB3DAC9-EA39-42CB-A907-00D43559CF82}
		{3D3B56F9-E185-4F36-810D-42924383BC00} = {FDB3DAC9-EA39-42CB-A907-00D43559CF82}
		{B1EE8812-C82C-4DE7-A589-5E1D88E49C20} = {FDB3DAC9-EA39-42CB-A907-00D43559CF82}
	EndGlobalSection
	GlobalSection(ExtensibilityGlobals) = postSolution
		SolutionGuid = {91F95C41-3E7C-412E-A513-D717029282C8}
	EndGlobalSection
EndGlobal
